// !$*UTF8*$!
{
	archiveVersion = 1;
	classes = {
	};
	objectVersion = 56;
	objects = {

/* Begin PBXBuildFile section */
		F370495E2A6C58D300C405B3 /* AppDelegate.swift in Sources */ = {isa = PBXBuildFile; fileRef = F370495D2A6C58D300C405B3 /* AppDelegate.swift */; };
		F37049602A6C58D300C405B3 /* SceneDelegate.swift in Sources */ = {isa = PBXBuildFile; fileRef = F370495F2A6C58D300C405B3 /* SceneDelegate.swift */; };
		F37049622A6C58D300C405B3 /* ViewController-delete.swift in Sources */ = {isa = PBXBuildFile; fileRef = F37049612A6C58D300C405B3 /* ViewController-delete.swift */; };
		F37049672A6C58D700C405B3 /* Assets.xcassets in Resources */ = {isa = PBXBuildFile; fileRef = F37049662A6C58D700C405B3 /* Assets.xcassets */; };
		F370496A2A6C58D700C405B3 /* LaunchScreen.storyboard in Resources */ = {isa = PBXBuildFile; fileRef = F37049682A6C58D700C405B3 /* LaunchScreen.storyboard */; };
		F37049722A6C5A1100C405B3 /* CustomTableViewCell-delete.swift in Sources */ = {isa = PBXBuildFile; fileRef = F37049712A6C5A1100C405B3 /* CustomTableViewCell-delete.swift */; };
		F37049742A6C60A100C405B3 /* FileManagerService.swift in Sources */ = {isa = PBXBuildFile; fileRef = F37049732A6C60A100C405B3 /* FileManagerService.swift */; };
		F384653A2A7568CF000BD2B9 /* ImagePicker-delete.swift in Sources */ = {isa = PBXBuildFile; fileRef = F38465392A7568CF000BD2B9 /* ImagePicker-delete.swift */; };
		F3A9B7DF2A7D214F005E4A0C /* KeychainManager.swift in Sources */ = {isa = PBXBuildFile; fileRef = F3A9B7DE2A7D214F005E4A0C /* KeychainManager.swift */; };
		F3A9B7E22A7D220B005E4A0C /* KeychainAccess in Frameworks */ = {isa = PBXBuildFile; productRef = F3A9B7E12A7D220B005E4A0C /* KeychainAccess */; };
		F3A9B7E62A7D277F005E4A0C /* LoginInput.swift in Sources */ = {isa = PBXBuildFile; fileRef = F3A9B7E52A7D277F005E4A0C /* LoginInput.swift */; };
		F3A9B7E82A7D27C2005E4A0C /* LoginBulder.swift in Sources */ = {isa = PBXBuildFile; fileRef = F3A9B7E72A7D27C2005E4A0C /* LoginBulder.swift */; };
		F3A9B7EA2A7D282A005E4A0C /* LoginViewModel.swift in Sources */ = {isa = PBXBuildFile; fileRef = F3A9B7E92A7D282A005E4A0C /* LoginViewModel.swift */; };
		F3A9B7EC2A7D286A005E4A0C /* LoginPresenter.swift in Sources */ = {isa = PBXBuildFile; fileRef = F3A9B7EB2A7D286A005E4A0C /* LoginPresenter.swift */; };
		F3A9B7EE2A7D28B4005E4A0C /* LoginInteractor.swift in Sources */ = {isa = PBXBuildFile; fileRef = F3A9B7ED2A7D28B4005E4A0C /* LoginInteractor.swift */; };
		F3A9B7F02A7D2924005E4A0C /* LoginViewController.swift in Sources */ = {isa = PBXBuildFile; fileRef = F3A9B7EF2A7D2924005E4A0C /* LoginViewController.swift */; };
		F3A9B7F22A7D29F5005E4A0C /* LoginView.swift in Sources */ = {isa = PBXBuildFile; fileRef = F3A9B7F12A7D29F5005E4A0C /* LoginView.swift */; };
		F3A9B7F42A7D2A37005E4A0C /* LoginRouter.swift in Sources */ = {isa = PBXBuildFile; fileRef = F3A9B7F32A7D2A37005E4A0C /* LoginRouter.swift */; };
		F3A9B7F72A7D2AB0005E4A0C /* TabBarFactory.swift in Sources */ = {isa = PBXBuildFile; fileRef = F3A9B7F62A7D2AB0005E4A0C /* TabBarFactory.swift */; };
		F3A9B7F92A7D2AE7005E4A0C /* TabBarViewController.swift in Sources */ = {isa = PBXBuildFile; fileRef = F3A9B7F82A7D2AE7005E4A0C /* TabBarViewController.swift */; };
		F3A9B7FB2A7D2B3F005E4A0C /* FilesViewController.swift in Sources */ = {isa = PBXBuildFile; fileRef = F3A9B7FA2A7D2B3F005E4A0C /* FilesViewController.swift */; };
		F3A9B7FE2A7D2BE0005E4A0C /* SettingsViewController.swift in Sources */ = {isa = PBXBuildFile; fileRef = F3A9B7FD2A7D2BE0005E4A0C /* SettingsViewController.swift */; };
		F3A9B8002A7D2C05005E4A0C /* SettingsView.swift in Sources */ = {isa = PBXBuildFile; fileRef = F3A9B7FF2A7D2C05005E4A0C /* SettingsView.swift */; };
/* End PBXBuildFile section */

/* Begin PBXFileReference section */
		F370495A2A6C58D300C405B3 /* Documents_FileManager.app */ = {isa = PBXFileReference; explicitFileType = wrapper.application; includeInIndex = 0; path = Documents_FileManager.app; sourceTree = BUILT_PRODUCTS_DIR; };
		F370495D2A6C58D300C405B3 /* AppDelegate.swift */ = {isa = PBXFileReference; lastKnownFileType = sourcecode.swift; path = AppDelegate.swift; sourceTree = "<group>"; };
		F370495F2A6C58D300C405B3 /* SceneDelegate.swift */ = {isa = PBXFileReference; lastKnownFileType = sourcecode.swift; path = SceneDelegate.swift; sourceTree = "<group>"; };
		F37049612A6C58D300C405B3 /* ViewController-delete.swift */ = {isa = PBXFileReference; lastKnownFileType = sourcecode.swift; path = "ViewController-delete.swift"; sourceTree = "<group>"; };
		F37049662A6C58D700C405B3 /* Assets.xcassets */ = {isa = PBXFileReference; lastKnownFileType = folder.assetcatalog; path = Assets.xcassets; sourceTree = "<group>"; };
		F37049692A6C58D700C405B3 /* Base */ = {isa = PBXFileReference; lastKnownFileType = file.storyboard; name = Base; path = Base.lproj/LaunchScreen.storyboard; sourceTree = "<group>"; };
		F370496B2A6C58D700C405B3 /* Info.plist */ = {isa = PBXFileReference; lastKnownFileType = text.plist.xml; path = Info.plist; sourceTree = "<group>"; };
		F37049712A6C5A1100C405B3 /* CustomTableViewCell-delete.swift */ = {isa = PBXFileReference; lastKnownFileType = sourcecode.swift; path = "CustomTableViewCell-delete.swift"; sourceTree = "<group>"; };
		F37049732A6C60A100C405B3 /* FileManagerService.swift */ = {isa = PBXFileReference; lastKnownFileType = sourcecode.swift; path = FileManagerService.swift; sourceTree = "<group>"; };
		F38465392A7568CF000BD2B9 /* ImagePicker-delete.swift */ = {isa = PBXFileReference; lastKnownFileType = sourcecode.swift; path = "ImagePicker-delete.swift"; sourceTree = "<group>"; };
		F3A9B7DE2A7D214F005E4A0C /* KeychainManager.swift */ = {isa = PBXFileReference; lastKnownFileType = sourcecode.swift; path = KeychainManager.swift; sourceTree = "<group>"; };
		F3A9B7E52A7D277F005E4A0C /* LoginInput.swift */ = {isa = PBXFileReference; lastKnownFileType = sourcecode.swift; path = LoginInput.swift; sourceTree = "<group>"; };
		F3A9B7E72A7D27C2005E4A0C /* LoginBulder.swift */ = {isa = PBXFileReference; lastKnownFileType = sourcecode.swift; path = LoginBulder.swift; sourceTree = "<group>"; };
		F3A9B7E92A7D282A005E4A0C /* LoginViewModel.swift */ = {isa = PBXFileReference; lastKnownFileType = sourcecode.swift; path = LoginViewModel.swift; sourceTree = "<group>"; };
		F3A9B7EB2A7D286A005E4A0C /* LoginPresenter.swift */ = {isa = PBXFileReference; lastKnownFileType = sourcecode.swift; path = LoginPresenter.swift; sourceTree = "<group>"; };
		F3A9B7ED2A7D28B4005E4A0C /* LoginInteractor.swift */ = {isa = PBXFileReference; lastKnownFileType = sourcecode.swift; path = LoginInteractor.swift; sourceTree = "<group>"; };
		F3A9B7EF2A7D2924005E4A0C /* LoginViewController.swift */ = {isa = PBXFileReference; lastKnownFileType = sourcecode.swift; path = LoginViewController.swift; sourceTree = "<group>"; };
		F3A9B7F12A7D29F5005E4A0C /* LoginView.swift */ = {isa = PBXFileReference; lastKnownFileType = sourcecode.swift; path = LoginView.swift; sourceTree = "<group>"; };
		F3A9B7F32A7D2A37005E4A0C /* LoginRouter.swift */ = {isa = PBXFileReference; lastKnownFileType = sourcecode.swift; path = LoginRouter.swift; sourceTree = "<group>"; };
		F3A9B7F62A7D2AB0005E4A0C /* TabBarFactory.swift */ = {isa = PBXFileReference; lastKnownFileType = sourcecode.swift; path = TabBarFactory.swift; sourceTree = "<group>"; };
		F3A9B7F82A7D2AE7005E4A0C /* TabBarViewController.swift */ = {isa = PBXFileReference; lastKnownFileType = sourcecode.swift; path = TabBarViewController.swift; sourceTree = "<group>"; };
		F3A9B7FA2A7D2B3F005E4A0C /* FilesViewController.swift */ = {isa = PBXFileReference; lastKnownFileType = sourcecode.swift; path = FilesViewController.swift; sourceTree = "<group>"; };
		F3A9B7FD2A7D2BE0005E4A0C /* SettingsViewController.swift */ = {isa = PBXFileReference; lastKnownFileType = sourcecode.swift; path = SettingsViewController.swift; sourceTree = "<group>"; };
		F3A9B7FF2A7D2C05005E4A0C /* SettingsView.swift */ = {isa = PBXFileReference; lastKnownFileType = sourcecode.swift; path = SettingsView.swift; sourceTree = "<group>"; };
/* End PBXFileReference section */

/* Begin PBXFrameworksBuildPhase section */
		F37049572A6C58D300C405B3 /* Frameworks */ = {
			isa = PBXFrameworksBuildPhase;
			buildActionMask = 2147483647;
			files = (
				F3A9B7E22A7D220B005E4A0C /* KeychainAccess in Frameworks */,
			);
			runOnlyForDeploymentPostprocessing = 0;
		};
/* End PBXFrameworksBuildPhase section */

/* Begin PBXGroup section */
		F37049512A6C58D300C405B3 = {
			isa = PBXGroup;
			children = (
				F370495C2A6C58D300C405B3 /* Documents_FileManager */,
				F370495B2A6C58D300C405B3 /* Products */,
			);
			sourceTree = "<group>";
		};
		F370495B2A6C58D300C405B3 /* Products */ = {
			isa = PBXGroup;
			children = (
				F370495A2A6C58D300C405B3 /* Documents_FileManager.app */,
			);
			name = Products;
			sourceTree = "<group>";
		};
		F370495C2A6C58D300C405B3 /* Documents_FileManager */ = {
			isa = PBXGroup;
			children = (
				F3A9B7E32A7D2222005E4A0C /* App */,
				F3A9B7E42A7D2737005E4A0C /* LoginVIPERModel */,
				F3A9B7F52A7D2A85005E4A0C /* TabBar */,
				F3A9B7FA2A7D2B3F005E4A0C /* FilesViewController.swift */,
				F37049732A6C60A100C405B3 /* FileManagerService.swift */,
				F3A9B7FC2A7D2BA0005E4A0C /* Settings */,
				F3A9B7DE2A7D214F005E4A0C /* KeychainManager.swift */,
				F37049612A6C58D300C405B3 /* ViewController-delete.swift */,
				F37049712A6C5A1100C405B3 /* CustomTableViewCell-delete.swift */,
				F38465392A7568CF000BD2B9 /* ImagePicker-delete.swift */,
				F37049662A6C58D700C405B3 /* Assets.xcassets */,
				F37049682A6C58D700C405B3 /* LaunchScreen.storyboard */,
				F370496B2A6C58D700C405B3 /* Info.plist */,
			);
			path = Documents_FileManager;
			sourceTree = "<group>";
		};
		F3A9B7E32A7D2222005E4A0C /* App */ = {
			isa = PBXGroup;
			children = (
				F370495D2A6C58D300C405B3 /* AppDelegate.swift */,
				F370495F2A6C58D300C405B3 /* SceneDelegate.swift */,
			);
			path = App;
			sourceTree = "<group>";
		};
		F3A9B7E42A7D2737005E4A0C /* LoginVIPERModel */ = {
			isa = PBXGroup;
			children = (
				F3A9B7E52A7D277F005E4A0C /* LoginInput.swift */,
				F3A9B7E72A7D27C2005E4A0C /* LoginBulder.swift */,
				F3A9B7E92A7D282A005E4A0C /* LoginViewModel.swift */,
				F3A9B7EB2A7D286A005E4A0C /* LoginPresenter.swift */,
				F3A9B7ED2A7D28B4005E4A0C /* LoginInteractor.swift */,
				F3A9B7EF2A7D2924005E4A0C /* LoginViewController.swift */,
				F3A9B7F12A7D29F5005E4A0C /* LoginView.swift */,
				F3A9B7F32A7D2A37005E4A0C /* LoginRouter.swift */,
			);
			path = LoginVIPERModel;
			sourceTree = "<group>";
		};
		F3A9B7F52A7D2A85005E4A0C /* TabBar */ = {
			isa = PBXGroup;
			children = (
				F3A9B7F62A7D2AB0005E4A0C /* TabBarFactory.swift */,
				F3A9B7F82A7D2AE7005E4A0C /* TabBarViewController.swift */,
			);
			path = TabBar;
			sourceTree = "<group>";
		};
		F3A9B7FC2A7D2BA0005E4A0C /* Settings */ = {
			isa = PBXGroup;
			children = (
				F3A9B7FD2A7D2BE0005E4A0C /* SettingsViewController.swift */,
				F3A9B7FF2A7D2C05005E4A0C /* SettingsView.swift */,
			);
			path = Settings;
			sourceTree = "<group>";
		};
/* End PBXGroup section */

/* Begin PBXNativeTarget section */
		F37049592A6C58D300C405B3 /* Documents_FileManager */ = {
			isa = PBXNativeTarget;
			buildConfigurationList = F370496E2A6C58D700C405B3 /* Build configuration list for PBXNativeTarget "Documents_FileManager" */;
			buildPhases = (
				F37049562A6C58D300C405B3 /* Sources */,
				F37049572A6C58D300C405B3 /* Frameworks */,
				F37049582A6C58D300C405B3 /* Resources */,
			);
			buildRules = (
			);
			dependencies = (
			);
			name = Documents_FileManager;
			packageProductDependencies = (
				F3A9B7E12A7D220B005E4A0C /* KeychainAccess */,
			);
			productName = Documents_FileManager;
			productReference = F370495A2A6C58D300C405B3 /* Documents_FileManager.app */;
			productType = "com.apple.product-type.application";
		};
/* End PBXNativeTarget section */

/* Begin PBXProject section */
		F37049522A6C58D300C405B3 /* Project object */ = {
			isa = PBXProject;
			attributes = {
				BuildIndependentTargetsInParallel = 1;
				LastSwiftUpdateCheck = 1430;
				LastUpgradeCheck = 1430;
				TargetAttributes = {
					F37049592A6C58D300C405B3 = {
						CreatedOnToolsVersion = 14.3;
					};
				};
			};
			buildConfigurationList = F37049552A6C58D300C405B3 /* Build configuration list for PBXProject "Documents_FileManager" */;
			compatibilityVersion = "Xcode 14.0";
			developmentRegion = en;
			hasScannedForEncodings = 0;
			knownRegions = (
				en,
				Base,
			);
			mainGroup = F37049512A6C58D300C405B3;
			packageReferences = (
				F3A9B7E02A7D220B005E4A0C /* XCRemoteSwiftPackageReference "KeychainAccess" */,
			);
			productRefGroup = F370495B2A6C58D300C405B3 /* Products */;
			projectDirPath = "";
			projectRoot = "";
			targets = (
				F37049592A6C58D300C405B3 /* Documents_FileManager */,
			);
		};
/* End PBXProject section */

/* Begin PBXResourcesBuildPhase section */
		F37049582A6C58D300C405B3 /* Resources */ = {
			isa = PBXResourcesBuildPhase;
			buildActionMask = 2147483647;
			files = (
				F370496A2A6C58D700C405B3 /* LaunchScreen.storyboard in Resources */,
				F37049672A6C58D700C405B3 /* Assets.xcassets in Resources */,
			);
			runOnlyForDeploymentPostprocessing = 0;
		};
/* End PBXResourcesBuildPhase section */

/* Begin PBXSourcesBuildPhase section */
		F37049562A6C58D300C405B3 /* Sources */ = {
			isa = PBXSourcesBuildPhase;
			buildActionMask = 2147483647;
			files = (
				F37049622A6C58D300C405B3 /* ViewController-delete.swift in Sources */,
				F370495E2A6C58D300C405B3 /* AppDelegate.swift in Sources */,
				F3A9B7F72A7D2AB0005E4A0C /* TabBarFactory.swift in Sources */,
				F3A9B7DF2A7D214F005E4A0C /* KeychainManager.swift in Sources */,
				F37049722A6C5A1100C405B3 /* CustomTableViewCell-delete.swift in Sources */,
				F3A9B8002A7D2C05005E4A0C /* SettingsView.swift in Sources */,
				F3A9B7FE2A7D2BE0005E4A0C /* SettingsViewController.swift in Sources */,
				F3A9B7EC2A7D286A005E4A0C /* LoginPresenter.swift in Sources */,
				F3A9B7E82A7D27C2005E4A0C /* LoginBulder.swift in Sources */,
				F3A9B7E62A7D277F005E4A0C /* LoginInput.swift in Sources */,
				F384653A2A7568CF000BD2B9 /* ImagePicker-delete.swift in Sources */,
				F3A9B7F92A7D2AE7005E4A0C /* TabBarViewController.swift in Sources */,
				F3A9B7F42A7D2A37005E4A0C /* LoginRouter.swift in Sources */,
				F3A9B7F22A7D29F5005E4A0C /* LoginView.swift in Sources */,
				F3A9B7EE2A7D28B4005E4A0C /* LoginInteractor.swift in Sources */,
				F37049602A6C58D300C405B3 /* SceneDelegate.swift in Sources */,
				F3A9B7EA2A7D282A005E4A0C /* LoginViewModel.swift in Sources */,
				F3A9B7F02A7D2924005E4A0C /* LoginViewController.swift in Sources */,
				F3A9B7FB2A7D2B3F005E4A0C /* FilesViewController.swift in Sources */,
				F37049742A6C60A100C405B3 /* FileManagerService.swift in Sources */,
			);
			runOnlyForDeploymentPostprocessing = 0;
		};
/* End PBXSourcesBuildPhase section */

/* Begin PBXVariantGroup section */
		F37049682A6C58D700C405B3 /* LaunchScreen.storyboard */ = {
			isa = PBXVariantGroup;
			children = (
				F37049692A6C58D700C405B3 /* Base */,
			);
			name = LaunchScreen.storyboard;
			sourceTree = "<group>";
		};
/* End PBXVariantGroup section */

/* Begin XCBuildConfiguration section */
		F370496C2A6C58D700C405B3 /* Debug */ = {
			isa = XCBuildConfiguration;
			buildSettings = {
				ALWAYS_SEARCH_USER_PATHS = NO;
				CLANG_ANALYZER_NONNULL = YES;
				CLANG_ANALYZER_NUMBER_OBJECT_CONVERSION = YES_AGGRESSIVE;
				CLANG_CXX_LANGUAGE_STANDARD = "gnu++20";
				CLANG_ENABLE_MODULES = YES;
				CLANG_ENABLE_OBJC_ARC = YES;
				CLANG_ENABLE_OBJC_WEAK = YES;
				CLANG_WARN_BLOCK_CAPTURE_AUTORELEASING = YES;
				CLANG_WARN_BOOL_CONVERSION = YES;
				CLANG_WARN_COMMA = YES;
				CLANG_WARN_CONSTANT_CONVERSION = YES;
				CLANG_WARN_DEPRECATED_OBJC_IMPLEMENTATIONS = YES;
				CLANG_WARN_DIRECT_OBJC_ISA_USAGE = YES_ERROR;
				CLANG_WARN_DOCUMENTATION_COMMENTS = YES;
				CLANG_WARN_EMPTY_BODY = YES;
				CLANG_WARN_ENUM_CONVERSION = YES;
				CLANG_WARN_INFINITE_RECURSION = YES;
				CLANG_WARN_INT_CONVERSION = YES;
				CLANG_WARN_NON_LITERAL_NULL_CONVERSION = YES;
				CLANG_WARN_OBJC_IMPLICIT_RETAIN_SELF = YES;
				CLANG_WARN_OBJC_LITERAL_CONVERSION = YES;
				CLANG_WARN_OBJC_ROOT_CLASS = YES_ERROR;
				CLANG_WARN_QUOTED_INCLUDE_IN_FRAMEWORK_HEADER = YES;
				CLANG_WARN_RANGE_LOOP_ANALYSIS = YES;
				CLANG_WARN_STRICT_PROTOTYPES = YES;
				CLANG_WARN_SUSPICIOUS_MOVE = YES;
				CLANG_WARN_UNGUARDED_AVAILABILITY = YES_AGGRESSIVE;
				CLANG_WARN_UNREACHABLE_CODE = YES;
				CLANG_WARN__DUPLICATE_METHOD_MATCH = YES;
				COPY_PHASE_STRIP = NO;
				DEBUG_INFORMATION_FORMAT = dwarf;
				ENABLE_STRICT_OBJC_MSGSEND = YES;
				ENABLE_TESTABILITY = YES;
				GCC_C_LANGUAGE_STANDARD = gnu11;
				GCC_DYNAMIC_NO_PIC = NO;
				GCC_NO_COMMON_BLOCKS = YES;
				GCC_OPTIMIZATION_LEVEL = 0;
				GCC_PREPROCESSOR_DEFINITIONS = (
					"DEBUG=1",
					"$(inherited)",
				);
				GCC_WARN_64_TO_32_BIT_CONVERSION = YES;
				GCC_WARN_ABOUT_RETURN_TYPE = YES_ERROR;
				GCC_WARN_UNDECLARED_SELECTOR = YES;
				GCC_WARN_UNINITIALIZED_AUTOS = YES_AGGRESSIVE;
				GCC_WARN_UNUSED_FUNCTION = YES;
				GCC_WARN_UNUSED_VARIABLE = YES;
				IPHONEOS_DEPLOYMENT_TARGET = 16.4;
				MTL_ENABLE_DEBUG_INFO = INCLUDE_SOURCE;
				MTL_FAST_MATH = YES;
				ONLY_ACTIVE_ARCH = YES;
				SDKROOT = iphoneos;
				SWIFT_ACTIVE_COMPILATION_CONDITIONS = DEBUG;
				SWIFT_OPTIMIZATION_LEVEL = "-Onone";
			};
			name = Debug;
		};
		F370496D2A6C58D700C405B3 /* Release */ = {
			isa = XCBuildConfiguration;
			buildSettings = {
				ALWAYS_SEARCH_USER_PATHS = NO;
				CLANG_ANALYZER_NONNULL = YES;
				CLANG_ANALYZER_NUMBER_OBJECT_CONVERSION = YES_AGGRESSIVE;
				CLANG_CXX_LANGUAGE_STANDARD = "gnu++20";
				CLANG_ENABLE_MODULES = YES;
				CLANG_ENABLE_OBJC_ARC = YES;
				CLANG_ENABLE_OBJC_WEAK = YES;
				CLANG_WARN_BLOCK_CAPTURE_AUTORELEASING = YES;
				CLANG_WARN_BOOL_CONVERSION = YES;
				CLANG_WARN_COMMA = YES;
				CLANG_WARN_CONSTANT_CONVERSION = YES;
				CLANG_WARN_DEPRECATED_OBJC_IMPLEMENTATIONS = YES;
				CLANG_WARN_DIRECT_OBJC_ISA_USAGE = YES_ERROR;
				CLANG_WARN_DOCUMENTATION_COMMENTS = YES;
				CLANG_WARN_EMPTY_BODY = YES;
				CLANG_WARN_ENUM_CONVERSION = YES;
				CLANG_WARN_INFINITE_RECURSION = YES;
				CLANG_WARN_INT_CONVERSION = YES;
				CLANG_WARN_NON_LITERAL_NULL_CONVERSION = YES;
				CLANG_WARN_OBJC_IMPLICIT_RETAIN_SELF = YES;
				CLANG_WARN_OBJC_LITERAL_CONVERSION = YES;
				CLANG_WARN_OBJC_ROOT_CLASS = YES_ERROR;
				CLANG_WARN_QUOTED_INCLUDE_IN_FRAMEWORK_HEADER = YES;
				CLANG_WARN_RANGE_LOOP_ANALYSIS = YES;
				CLANG_WARN_STRICT_PROTOTYPES = YES;
				CLANG_WARN_SUSPICIOUS_MOVE = YES;
				CLANG_WARN_UNGUARDED_AVAILABILITY = YES_AGGRESSIVE;
				CLANG_WARN_UNREACHABLE_CODE = YES;
				CLANG_WARN__DUPLICATE_METHOD_MATCH = YES;
				COPY_PHASE_STRIP = NO;
				DEBUG_INFORMATION_FORMAT = "dwarf-with-dsym";
				ENABLE_NS_ASSERTIONS = NO;
				ENABLE_STRICT_OBJC_MSGSEND = YES;
				GCC_C_LANGUAGE_STANDARD = gnu11;
				GCC_NO_COMMON_BLOCKS = YES;
				GCC_WARN_64_TO_32_BIT_CONVERSION = YES;
				GCC_WARN_ABOUT_RETURN_TYPE = YES_ERROR;
				GCC_WARN_UNDECLARED_SELECTOR = YES;
				GCC_WARN_UNINITIALIZED_AUTOS = YES_AGGRESSIVE;
				GCC_WARN_UNUSED_FUNCTION = YES;
				GCC_WARN_UNUSED_VARIABLE = YES;
				IPHONEOS_DEPLOYMENT_TARGET = 16.4;
				MTL_ENABLE_DEBUG_INFO = NO;
				MTL_FAST_MATH = YES;
				SDKROOT = iphoneos;
				SWIFT_COMPILATION_MODE = wholemodule;
				SWIFT_OPTIMIZATION_LEVEL = "-O";
				VALIDATE_PRODUCT = YES;
			};
			name = Release;
		};
		F370496F2A6C58D700C405B3 /* Debug */ = {
			isa = XCBuildConfiguration;
			buildSettings = {
				ASSETCATALOG_COMPILER_APPICON_NAME = AppIcon;
				ASSETCATALOG_COMPILER_GLOBAL_ACCENT_COLOR_NAME = AccentColor;
				CODE_SIGN_STYLE = Automatic;
				CURRENT_PROJECT_VERSION = 1;
				DEVELOPMENT_TEAM = 332MXW7JWG;
				GENERATE_INFOPLIST_FILE = YES;
				INFOPLIST_FILE = Documents_FileManager/Info.plist;
				INFOPLIST_KEY_UIApplicationSupportsIndirectInputEvents = YES;
				INFOPLIST_KEY_UILaunchStoryboardName = LaunchScreen;
				INFOPLIST_KEY_UISupportedInterfaceOrientations_iPad = "UIInterfaceOrientationPortrait UIInterfaceOrientationPortraitUpsideDown UIInterfaceOrientationLandscapeLeft UIInterfaceOrientationLandscapeRight";
				INFOPLIST_KEY_UISupportedInterfaceOrientations_iPhone = "UIInterfaceOrientationPortrait UIInterfaceOrientationLandscapeLeft UIInterfaceOrientationLandscapeRight";
				LD_RUNPATH_SEARCH_PATHS = (
					"$(inherited)",
					"@executable_path/Frameworks",
				);
				MARKETING_VERSION = 1.0;
				PRODUCT_BUNDLE_IDENTIFIER = "EZ.Documents-FileManager";
				PRODUCT_NAME = "$(TARGET_NAME)";
				SWIFT_EMIT_LOC_STRINGS = YES;
				SWIFT_VERSION = 5.0;
				TARGETED_DEVICE_FAMILY = "1,2";
			};
			name = Debug;
		};
		F37049702A6C58D700C405B3 /* Release */ = {
			isa = XCBuildConfiguration;
			buildSettings = {
				ASSETCATALOG_COMPILER_APPICON_NAME = AppIcon;
				ASSETCATALOG_COMPILER_GLOBAL_ACCENT_COLOR_NAME = AccentColor;
				CODE_SIGN_STYLE = Automatic;
				CURRENT_PROJECT_VERSION = 1;
				DEVELOPMENT_TEAM = 332MXW7JWG;
				GENERATE_INFOPLIST_FILE = YES;
				INFOPLIST_FILE = Documents_FileManager/Info.plist;
				INFOPLIST_KEY_UIApplicationSupportsIndirectInputEvents = YES;
				INFOPLIST_KEY_UILaunchStoryboardName = LaunchScreen;
				INFOPLIST_KEY_UISupportedInterfaceOrientations_iPad = "UIInterfaceOrientationPortrait UIInterfaceOrientationPortraitUpsideDown UIInterfaceOrientationLandscapeLeft UIInterfaceOrientationLandscapeRight";
				INFOPLIST_KEY_UISupportedInterfaceOrientations_iPhone = "UIInterfaceOrientationPortrait UIInterfaceOrientationLandscapeLeft UIInterfaceOrientationLandscapeRight";
				LD_RUNPATH_SEARCH_PATHS = (
					"$(inherited)",
					"@executable_path/Frameworks",
				);
				MARKETING_VERSION = 1.0;
				PRODUCT_BUNDLE_IDENTIFIER = "EZ.Documents-FileManager";
				PRODUCT_NAME = "$(TARGET_NAME)";
				SWIFT_EMIT_LOC_STRINGS = YES;
				SWIFT_VERSION = 5.0;
				TARGETED_DEVICE_FAMILY = "1,2";
			};
			name = Release;
		};
/* End XCBuildConfiguration section */

/* Begin XCConfigurationList section */
		F37049552A6C58D300C405B3 /* Build configuration list for PBXProject "Documents_FileManager" */ = {
			isa = XCConfigurationList;
			buildConfigurations = (
				F370496C2A6C58D700C405B3 /* Debug */,
				F370496D2A6C58D700C405B3 /* Release */,
			);
			defaultConfigurationIsVisible = 0;
			defaultConfigurationName = Release;
		};
		F370496E2A6C58D700C405B3 /* Build configuration list for PBXNativeTarget "Documents_FileManager" */ = {
			isa = XCConfigurationList;
			buildConfigurations = (
				F370496F2A6C58D700C405B3 /* Debug */,
				F37049702A6C58D700C405B3 /* Release */,
			);
			defaultConfigurationIsVisible = 0;
			defaultConfigurationName = Release;
		};
/* End XCConfigurationList section */

/* Begin XCRemoteSwiftPackageReference section */
		F3A9B7E02A7D220B005E4A0C /* XCRemoteSwiftPackageReference "KeychainAccess" */ = {
			isa = XCRemoteSwiftPackageReference;
			repositoryURL = "https://github.com/kishikawakatsumi/KeychainAccess";
			requirement = {
				branch = master;
				kind = branch;
			};
		};
/* End XCRemoteSwiftPackageReference section */

/* Begin XCSwiftPackageProductDependency section */
		F3A9B7E12A7D220B005E4A0C /* KeychainAccess */ = {
			isa = XCSwiftPackageProductDependency;
			package = F3A9B7E02A7D220B005E4A0C /* XCRemoteSwiftPackageReference "KeychainAccess" */;
			productName = KeychainAccess;
		};
/* End XCSwiftPackageProductDependency section */
	};
	rootObject = F37049522A6C58D300C405B3 /* Project object */;
}
